
Microsoft Visual Studio Solution File, Format Version 12.00
# Visual Studio 15
VisualStudioVersion = 15.0.26430.16
MinimumVisualStudioVersion = 10.0.40219.1
Project("{FAE04EC0-301F-11D3-BF4B-00C04F79EFBC}") = "Uvodni", "ConsoleApp1\Uvodni.csproj", "{31F30331-D9D7-4529-9C4C-B096F2654F21}"
EndProject
Project("{FAE04EC0-301F-11D3-BF4B-00C04F79EFBC}") = "Zbroj", "Zbroj\Zbroj.csproj", "{734D468C-7B19-4D64-B96E-C0D4DCDA7F71}"
EndProject
Project("{2150E333-8FDC-42A3-9474-1A3956D46DE8}") = "4.1. Uvod", "4.1. Uvod", "{02252969-51A5-4C03-A0DB-2554CC163FC6}"
EndProject
Project("{FAE04EC0-301F-11D3-BF4B-00C04F79EFBC}") = "Hello", "Hello\Hello.csproj", "{990DFD43-E2EB-4736-B5BD-7F27D077E791}"
EndProject
Project("{FAE04EC0-301F-11D3-BF4B-00C04F79EFBC}") = "Brojevi_1_2_3", "Brojevi_1_2_3\Brojevi_1_2_3.csproj", "{1AD9E847-1346-480D-8FA2-6AE7ACC705FF}"
EndProject
Project("{FAE04EC0-301F-11D3-BF4B-00C04F79EFBC}") = "Lediste_Vreliste", "Lediste_Vreliste\Lediste_Vreliste.csproj", "{62EC9BD8-3AEA-41B1-BA22-C9340F38481F}"
EndProject
Project("{2150E333-8FDC-42A3-9474-1A3956D46DE8}") = "5.1. Varijable", "5.1. Varijable", "{64F83FFB-FC64-467B-A3AF-67509A59F440}"
EndProject
Project("{FAE04EC0-301F-11D3-BF4B-00C04F79EFBC}") = "Zbroj_Razlika", "Zbroj_Razlika\Zbroj_Razlika.csproj", "{3D213AB2-2D87-4144-B9A3-E583852D7DBA}"
EndProject
Project("{2150E333-8FDC-42A3-9474-1A3956D46DE8}") = "5.2. Uvjetno_grananje", "5.2. Uvjetno_grananje", "{7C67F62C-3DBF-43A9-80CB-BF0A3C009D5C}"
EndProject
Project("{FAE04EC0-301F-11D3-BF4B-00C04F79EFBC}") = "Uvjetno_Vece_od_10", "Uvjetno_Vece_od_10\Uvjetno_Vece_od_10.csproj", "{010DB3DA-6C10-49A1-9687-B32600582033}"
EndProject
Project("{FAE04EC0-301F-11D3-BF4B-00C04F79EFBC}") = "primjer_5.2.1.2_pozitivan", "primjer_5.2.1.2_pozitivan\primjer_5.2.1.2_pozitivan.csproj", "{EF25FF45-1C23-4041-ADF2-0A8875DBF158}"
EndProject
Project("{FAE04EC0-301F-11D3-BF4B-00C04F79EFBC}") = "primjer_5.2.2.switch", "primjer_5.2.2.switch\primjer_5.2.2.switch.csproj", "{3843EF7A-4E6A-462A-BDBD-55B334B235B0}"
EndProject
Project("{FAE04EC0-301F-11D3-BF4B-00C04F79EFBC}") = "primjer_5.2.3_exception", "primjer_5.2.3_exception\primjer_5.2.3_exception.csproj", "{88ADC553-A23D-40DA-A18C-4038FC98BCCE}"
EndProject
Project("{FAE04EC0-301F-11D3-BF4B-00C04F79EFBC}") = "primjer 5.2.4.2", "primjer 5.2.4.2\primjer 5.2.4.2.csproj", "{7ADF4FF1-46DE-45C5-9E03-F2C696213D99}"
EndProject
Project("{FAE04EC0-301F-11D3-BF4B-00C04F79EFBC}") = "primjer 5.2.4.3", "primjer 5.2.4.3\primjer 5.2.4.3.csproj", "{EE8FE46F-9B3D-428C-A02F-0928D9629589}"
EndProject
Project("{FAE04EC0-301F-11D3-BF4B-00C04F79EFBC}") = "primjer 5.2.5", "primjer 5.2.5\primjer 5.2.5.csproj", "{7522EBA9-0875-4255-B4C9-4FE3A1F772C8}"
EndProject
Project("{FAE04EC0-301F-11D3-BF4B-00C04F79EFBC}") = "zadatak 5.2.3 zbrika", "zadatak 5.2.3 zbrika\zadatak 5.2.3 zbrika.csproj", "{95296D47-7059-4C44-891E-10B63DD457C4}"
EndProject
Project("{FAE04EC0-301F-11D3-BF4B-00C04F79EFBC}") = "zadatak 5.2.4 zbrika", "zadatak 5.2.4 zbrika\zadatak 5.2.4 zbrika.csproj", "{0E7277DB-3277-46E7-856B-B85579DB28A8}"
EndProject
Project("{FAE04EC0-301F-11D3-BF4B-00C04F79EFBC}") = "zadatak 5.2.5 zbrika", "zadaci 5.2.5 zbrika\zadatak 5.2.5 zbrika.csproj", "{E0EB0F0B-1389-4126-B28A-998CDCC55EC7}"
EndProject
Project("{FAE04EC0-301F-11D3-BF4B-00C04F79EFBC}") = "zadatak 5.2.6 zbrika", "zadatak 5.2.6 zbrika\zadatak 5.2.6 zbrika.csproj", "{792EB44F-BC8B-4AF7-AB2E-7888F552C807}"
EndProject
Project("{FAE04EC0-301F-11D3-BF4B-00C04F79EFBC}") = "zadatak 5.2.7 zbirka", "zadatak 5.2.7 zbirka\zadatak 5.2.7 zbirka.csproj", "{15DB8260-73CE-4AB6-966C-F451F740A6B4}"
EndProject
Project("{FAE04EC0-301F-11D3-BF4B-00C04F79EFBC}") = "zadatak 5.2.8 zbirka", "zadatak 5.2.8 zbirka\zadatak 5.2.8 zbirka.csproj", "{4726AC98-B725-4C5B-82E6-AE91B95D9F41}"
EndProject
Project("{FAE04EC0-301F-11D3-BF4B-00C04F79EFBC}") = "zadatak 5.2.9 zbrika", "zadatak 5.2.9 zbrika\zadatak 5.2.9 zbrika.csproj", "{F1983547-94E5-4AED-95AA-944B098643F5}"
EndProject
Project("{2150E333-8FDC-42A3-9474-1A3956D46DE8}") = "5.3. Cikličke_petlje", "5.3. Cikličke_petlje", "{A3B3075A-668F-40AA-B6A5-75F348C091E4}"
EndProject
Project("{FAE04EC0-301F-11D3-BF4B-00C04F79EFBC}") = "Cikličke petlje primjeri", "Cikličke petlje primjeri\Cikličke petlje primjeri.csproj", "{15625642-86C9-466D-82D8-36E5ECA26B51}"
EndProject
Project("{FAE04EC0-301F-11D3-BF4B-00C04F79EFBC}") = "primjer 5.3.1.1 prirucnik", "primjer 5.3.1.1 prirucnik\primjer 5.3.1.1 prirucnik.csproj", "{006C817A-7769-485C-AB53-62FEA4EB236D}"
EndProject
Project("{FAE04EC0-301F-11D3-BF4B-00C04F79EFBC}") = "primjer 5.3.1.3 prirucnik", "primjer 5.3.1.3 prirucnik\primjer 5.3.1.3 prirucnik.csproj", "{84AD1740-EEA8-467C-BDDB-8C00682EA9FE}"
EndProject
Project("{FAE04EC0-301F-11D3-BF4B-00C04F79EFBC}") = "Primjeri petlja_while", "Primjeri petlja_while\Primjeri petlja_while.csproj", "{11B641E0-2C97-4A47-A632-9B586F93B700}"
EndProject
Project("{FAE04EC0-301F-11D3-BF4B-00C04F79EFBC}") = "zadatak 5.3.1 zbirka", "zadatak 5.3.1 zbirka\zadatak 5.3.1 zbirka.csproj", "{8B5F7B77-A307-4248-9979-1895425FC126}"
EndProject
Project("{FAE04EC0-301F-11D3-BF4B-00C04F79EFBC}") = "zadatak 5.3.4 zbirka (faktorijel i exceptioni)", "primjer 5.3.4 prirucnik (faktorijel)\zadatak 5.3.4 zbirka (faktorijel i exceptioni).csproj", "{67CA99AA-32E2-4A51-B645-2CDC37ABF2DC}"
EndProject
Project("{FAE04EC0-301F-11D3-BF4B-00C04F79EFBC}") = "zadatak 5.3.5  zbirka", "zadatak 5.3.5  zbirka\zadatak 5.3.5  zbirka.csproj", "{CB00B0F1-2FA4-442A-AEC1-9ED465EB9DE1}"
EndProject
Project("{FAE04EC0-301F-11D3-BF4B-00C04F79EFBC}") = "zadatak 5.3.7 zbirka", "zadatak 5.3.7 zbirka\zadatak 5.3.7 zbirka.csproj", "{C58B8522-7722-4938-AFCA-76272BC9D452}"
EndProject
Project("{FAE04EC0-301F-11D3-BF4B-00C04F79EFBC}") = "zadatak 5.3.9 zbirka", "zadatak 5.3.9 zbirka\zadatak 5.3.9 zbirka.csproj", "{7854D112-B719-486C-8479-E861C91BDD81}"
EndProject
Project("{FAE04EC0-301F-11D3-BF4B-00C04F79EFBC}") = "zadatak 5.3.11 zbirka", "zadatak 5.3.11 zbirka\zadatak 5.3.11 zbirka.csproj", "{280339EB-2165-40A0-A986-B0BC021AFC81}"
EndProject
Project("{FAE04EC0-301F-11D3-BF4B-00C04F79EFBC}") = "zadatak 5.3.13 zbirka", "zadatak 5.3.13 zbirka\zadatak 5.3.13 zbirka.csproj", "{983833D5-7EE7-4C64-BAE0-C348F6D5C785}"
EndProject
Project("{FAE04EC0-301F-11D3-BF4B-00C04F79EFBC}") = "zadatak 5.3.15 zbirka", "zadatak 5.3.15 zbirka\zadatak 5.3.15 zbirka.csproj", "{FC3ECDB6-627F-4843-B7F6-79AEAA675CB8}"
EndProject
Project("{FAE04EC0-301F-11D3-BF4B-00C04F79EFBC}") = "zadatak 5.3.17 zbirka", "zadatak 5.3.17 zbirka\zadatak 5.3.17 zbirka.csproj", "{9AA5622E-7DF5-4296-98EA-197EB133622D}"
EndProject
Global
	GlobalSection(SolutionConfigurationPlatforms) = preSolution
		Debug|Any CPU = Debug|Any CPU
		Release|Any CPU = Release|Any CPU
	EndGlobalSection
	GlobalSection(ProjectConfigurationPlatforms) = postSolution
		{31F30331-D9D7-4529-9C4C-B096F2654F21}.Debug|Any CPU.ActiveCfg = Debug|Any CPU
		{31F30331-D9D7-4529-9C4C-B096F2654F21}.Debug|Any CPU.Build.0 = Debug|Any CPU
		{31F30331-D9D7-4529-9C4C-B096F2654F21}.Release|Any CPU.ActiveCfg = Release|Any CPU
		{31F30331-D9D7-4529-9C4C-B096F2654F21}.Release|Any CPU.Build.0 = Release|Any CPU
		{734D468C-7B19-4D64-B96E-C0D4DCDA7F71}.Debug|Any CPU.ActiveCfg = Debug|Any CPU
		{734D468C-7B19-4D64-B96E-C0D4DCDA7F71}.Debug|Any CPU.Build.0 = Debug|Any CPU
		{734D468C-7B19-4D64-B96E-C0D4DCDA7F71}.Release|Any CPU.ActiveCfg = Release|Any CPU
		{734D468C-7B19-4D64-B96E-C0D4DCDA7F71}.Release|Any CPU.Build.0 = Release|Any CPU
		{990DFD43-E2EB-4736-B5BD-7F27D077E791}.Debug|Any CPU.ActiveCfg = Debug|Any CPU
		{990DFD43-E2EB-4736-B5BD-7F27D077E791}.Debug|Any CPU.Build.0 = Debug|Any CPU
		{990DFD43-E2EB-4736-B5BD-7F27D077E791}.Release|Any CPU.ActiveCfg = Release|Any CPU
		{990DFD43-E2EB-4736-B5BD-7F27D077E791}.Release|Any CPU.Build.0 = Release|Any CPU
		{1AD9E847-1346-480D-8FA2-6AE7ACC705FF}.Debug|Any CPU.ActiveCfg = Debug|Any CPU
		{1AD9E847-1346-480D-8FA2-6AE7ACC705FF}.Debug|Any CPU.Build.0 = Debug|Any CPU
		{1AD9E847-1346-480D-8FA2-6AE7ACC705FF}.Release|Any CPU.ActiveCfg = Release|Any CPU
		{1AD9E847-1346-480D-8FA2-6AE7ACC705FF}.Release|Any CPU.Build.0 = Release|Any CPU
		{62EC9BD8-3AEA-41B1-BA22-C9340F38481F}.Debug|Any CPU.ActiveCfg = Debug|Any CPU
		{62EC9BD8-3AEA-41B1-BA22-C9340F38481F}.Debug|Any CPU.Build.0 = Debug|Any CPU
		{62EC9BD8-3AEA-41B1-BA22-C9340F38481F}.Release|Any CPU.ActiveCfg = Release|Any CPU
		{62EC9BD8-3AEA-41B1-BA22-C9340F38481F}.Release|Any CPU.Build.0 = Release|Any CPU
		{3D213AB2-2D87-4144-B9A3-E583852D7DBA}.Debug|Any CPU.ActiveCfg = Debug|Any CPU
		{3D213AB2-2D87-4144-B9A3-E583852D7DBA}.Debug|Any CPU.Build.0 = Debug|Any CPU
		{3D213AB2-2D87-4144-B9A3-E583852D7DBA}.Release|Any CPU.ActiveCfg = Release|Any CPU
		{3D213AB2-2D87-4144-B9A3-E583852D7DBA}.Release|Any CPU.Build.0 = Release|Any CPU
		{010DB3DA-6C10-49A1-9687-B32600582033}.Debug|Any CPU.ActiveCfg = Debug|Any CPU
		{010DB3DA-6C10-49A1-9687-B32600582033}.Debug|Any CPU.Build.0 = Debug|Any CPU
		{010DB3DA-6C10-49A1-9687-B32600582033}.Release|Any CPU.ActiveCfg = Release|Any CPU
		{010DB3DA-6C10-49A1-9687-B32600582033}.Release|Any CPU.Build.0 = Release|Any CPU
		{EF25FF45-1C23-4041-ADF2-0A8875DBF158}.Debug|Any CPU.ActiveCfg = Debug|Any CPU
		{EF25FF45-1C23-4041-ADF2-0A8875DBF158}.Debug|Any CPU.Build.0 = Debug|Any CPU
		{EF25FF45-1C23-4041-ADF2-0A8875DBF158}.Release|Any CPU.ActiveCfg = Release|Any CPU
		{EF25FF45-1C23-4041-ADF2-0A8875DBF158}.Release|Any CPU.Build.0 = Release|Any CPU
		{3843EF7A-4E6A-462A-BDBD-55B334B235B0}.Debug|Any CPU.ActiveCfg = Debug|Any CPU
		{3843EF7A-4E6A-462A-BDBD-55B334B235B0}.Debug|Any CPU.Build.0 = Debug|Any CPU
		{3843EF7A-4E6A-462A-BDBD-55B334B235B0}.Release|Any CPU.ActiveCfg = Release|Any CPU
		{3843EF7A-4E6A-462A-BDBD-55B334B235B0}.Release|Any CPU.Build.0 = Release|Any CPU
		{88ADC553-A23D-40DA-A18C-4038FC98BCCE}.Debug|Any CPU.ActiveCfg = Debug|Any CPU
		{88ADC553-A23D-40DA-A18C-4038FC98BCCE}.Debug|Any CPU.Build.0 = Debug|Any CPU
		{88ADC553-A23D-40DA-A18C-4038FC98BCCE}.Release|Any CPU.ActiveCfg = Release|Any CPU
		{88ADC553-A23D-40DA-A18C-4038FC98BCCE}.Release|Any CPU.Build.0 = Release|Any CPU
		{7ADF4FF1-46DE-45C5-9E03-F2C696213D99}.Debug|Any CPU.ActiveCfg = Debug|Any CPU
		{7ADF4FF1-46DE-45C5-9E03-F2C696213D99}.Debug|Any CPU.Build.0 = Debug|Any CPU
		{7ADF4FF1-46DE-45C5-9E03-F2C696213D99}.Release|Any CPU.ActiveCfg = Release|Any CPU
		{7ADF4FF1-46DE-45C5-9E03-F2C696213D99}.Release|Any CPU.Build.0 = Release|Any CPU
		{EE8FE46F-9B3D-428C-A02F-0928D9629589}.Debug|Any CPU.ActiveCfg = Debug|Any CPU
		{EE8FE46F-9B3D-428C-A02F-0928D9629589}.Debug|Any CPU.Build.0 = Debug|Any CPU
		{EE8FE46F-9B3D-428C-A02F-0928D9629589}.Release|Any CPU.ActiveCfg = Release|Any CPU
		{EE8FE46F-9B3D-428C-A02F-0928D9629589}.Release|Any CPU.Build.0 = Release|Any CPU
		{7522EBA9-0875-4255-B4C9-4FE3A1F772C8}.Debug|Any CPU.ActiveCfg = Debug|Any CPU
		{7522EBA9-0875-4255-B4C9-4FE3A1F772C8}.Debug|Any CPU.Build.0 = Debug|Any CPU
		{7522EBA9-0875-4255-B4C9-4FE3A1F772C8}.Release|Any CPU.ActiveCfg = Release|Any CPU
		{7522EBA9-0875-4255-B4C9-4FE3A1F772C8}.Release|Any CPU.Build.0 = Release|Any CPU
		{95296D47-7059-4C44-891E-10B63DD457C4}.Debug|Any CPU.ActiveCfg = Debug|Any CPU
		{95296D47-7059-4C44-891E-10B63DD457C4}.Debug|Any CPU.Build.0 = Debug|Any CPU
		{95296D47-7059-4C44-891E-10B63DD457C4}.Release|Any CPU.ActiveCfg = Release|Any CPU
		{95296D47-7059-4C44-891E-10B63DD457C4}.Release|Any CPU.Build.0 = Release|Any CPU
		{0E7277DB-3277-46E7-856B-B85579DB28A8}.Debug|Any CPU.ActiveCfg = Debug|Any CPU
		{0E7277DB-3277-46E7-856B-B85579DB28A8}.Debug|Any CPU.Build.0 = Debug|Any CPU
		{0E7277DB-3277-46E7-856B-B85579DB28A8}.Release|Any CPU.ActiveCfg = Release|Any CPU
		{0E7277DB-3277-46E7-856B-B85579DB28A8}.Release|Any CPU.Build.0 = Release|Any CPU
		{E0EB0F0B-1389-4126-B28A-998CDCC55EC7}.Debug|Any CPU.ActiveCfg = Debug|Any CPU
		{E0EB0F0B-1389-4126-B28A-998CDCC55EC7}.Debug|Any CPU.Build.0 = Debug|Any CPU
		{E0EB0F0B-1389-4126-B28A-998CDCC55EC7}.Release|Any CPU.ActiveCfg = Release|Any CPU
		{E0EB0F0B-1389-4126-B28A-998CDCC55EC7}.Release|Any CPU.Build.0 = Release|Any CPU
		{792EB44F-BC8B-4AF7-AB2E-7888F552C807}.Debug|Any CPU.ActiveCfg = Debug|Any CPU
		{792EB44F-BC8B-4AF7-AB2E-7888F552C807}.Debug|Any CPU.Build.0 = Debug|Any CPU
		{792EB44F-BC8B-4AF7-AB2E-7888F552C807}.Release|Any CPU.ActiveCfg = Release|Any CPU
		{792EB44F-BC8B-4AF7-AB2E-7888F552C807}.Release|Any CPU.Build.0 = Release|Any CPU
		{15DB8260-73CE-4AB6-966C-F451F740A6B4}.Debug|Any CPU.ActiveCfg = Debug|Any CPU
		{15DB8260-73CE-4AB6-966C-F451F740A6B4}.Debug|Any CPU.Build.0 = Debug|Any CPU
		{15DB8260-73CE-4AB6-966C-F451F740A6B4}.Release|Any CPU.ActiveCfg = Release|Any CPU
		{15DB8260-73CE-4AB6-966C-F451F740A6B4}.Release|Any CPU.Build.0 = Release|Any CPU
		{4726AC98-B725-4C5B-82E6-AE91B95D9F41}.Debug|Any CPU.ActiveCfg = Debug|Any CPU
		{4726AC98-B725-4C5B-82E6-AE91B95D9F41}.Debug|Any CPU.Build.0 = Debug|Any CPU
		{4726AC98-B725-4C5B-82E6-AE91B95D9F41}.Release|Any CPU.ActiveCfg = Release|Any CPU
		{4726AC98-B725-4C5B-82E6-AE91B95D9F41}.Release|Any CPU.Build.0 = Release|Any CPU
		{F1983547-94E5-4AED-95AA-944B098643F5}.Debug|Any CPU.ActiveCfg = Debug|Any CPU
		{F1983547-94E5-4AED-95AA-944B098643F5}.Debug|Any CPU.Build.0 = Debug|Any CPU
		{F1983547-94E5-4AED-95AA-944B098643F5}.Release|Any CPU.ActiveCfg = Release|Any CPU
		{F1983547-94E5-4AED-95AA-944B098643F5}.Release|Any CPU.Build.0 = Release|Any CPU
		{15625642-86C9-466D-82D8-36E5ECA26B51}.Debug|Any CPU.ActiveCfg = Debug|Any CPU
		{15625642-86C9-466D-82D8-36E5ECA26B51}.Debug|Any CPU.Build.0 = Debug|Any CPU
		{15625642-86C9-466D-82D8-36E5ECA26B51}.Release|Any CPU.ActiveCfg = Release|Any CPU
		{15625642-86C9-466D-82D8-36E5ECA26B51}.Release|Any CPU.Build.0 = Release|Any CPU
		{006C817A-7769-485C-AB53-62FEA4EB236D}.Debug|Any CPU.ActiveCfg = Debug|Any CPU
		{006C817A-7769-485C-AB53-62FEA4EB236D}.Debug|Any CPU.Build.0 = Debug|Any CPU
		{006C817A-7769-485C-AB53-62FEA4EB236D}.Release|Any CPU.ActiveCfg = Release|Any CPU
		{006C817A-7769-485C-AB53-62FEA4EB236D}.Release|Any CPU.Build.0 = Release|Any CPU
		{84AD1740-EEA8-467C-BDDB-8C00682EA9FE}.Debug|Any CPU.ActiveCfg = Debug|Any CPU
		{84AD1740-EEA8-467C-BDDB-8C00682EA9FE}.Debug|Any CPU.Build.0 = Debug|Any CPU
		{84AD1740-EEA8-467C-BDDB-8C00682EA9FE}.Release|Any CPU.ActiveCfg = Release|Any CPU
		{84AD1740-EEA8-467C-BDDB-8C00682EA9FE}.Release|Any CPU.Build.0 = Release|Any CPU
		{11B641E0-2C97-4A47-A632-9B586F93B700}.Debug|Any CPU.ActiveCfg = Debug|Any CPU
		{11B641E0-2C97-4A47-A632-9B586F93B700}.Debug|Any CPU.Build.0 = Debug|Any CPU
		{11B641E0-2C97-4A47-A632-9B586F93B700}.Release|Any CPU.ActiveCfg = Release|Any CPU
		{11B641E0-2C97-4A47-A632-9B586F93B700}.Release|Any CPU.Build.0 = Release|Any CPU
		{8B5F7B77-A307-4248-9979-1895425FC126}.Debug|Any CPU.ActiveCfg = Debug|Any CPU
		{8B5F7B77-A307-4248-9979-1895425FC126}.Debug|Any CPU.Build.0 = Debug|Any CPU
		{8B5F7B77-A307-4248-9979-1895425FC126}.Release|Any CPU.ActiveCfg = Release|Any CPU
		{8B5F7B77-A307-4248-9979-1895425FC126}.Release|Any CPU.Build.0 = Release|Any CPU
		{67CA99AA-32E2-4A51-B645-2CDC37ABF2DC}.Debug|Any CPU.ActiveCfg = Debug|Any CPU
		{67CA99AA-32E2-4A51-B645-2CDC37ABF2DC}.Debug|Any CPU.Build.0 = Debug|Any CPU
		{67CA99AA-32E2-4A51-B645-2CDC37ABF2DC}.Release|Any CPU.ActiveCfg = Release|Any CPU
		{67CA99AA-32E2-4A51-B645-2CDC37ABF2DC}.Release|Any CPU.Build.0 = Release|Any CPU
		{CB00B0F1-2FA4-442A-AEC1-9ED465EB9DE1}.Debug|Any CPU.ActiveCfg = Debug|Any CPU
		{CB00B0F1-2FA4-442A-AEC1-9ED465EB9DE1}.Debug|Any CPU.Build.0 = Debug|Any CPU
		{CB00B0F1-2FA4-442A-AEC1-9ED465EB9DE1}.Release|Any CPU.ActiveCfg = Release|Any CPU
		{CB00B0F1-2FA4-442A-AEC1-9ED465EB9DE1}.Release|Any CPU.Build.0 = Release|Any CPU
		{C58B8522-7722-4938-AFCA-76272BC9D452}.Debug|Any CPU.ActiveCfg = Debug|Any CPU
		{C58B8522-7722-4938-AFCA-76272BC9D452}.Debug|Any CPU.Build.0 = Debug|Any CPU
		{C58B8522-7722-4938-AFCA-76272BC9D452}.Release|Any CPU.ActiveCfg = Release|Any CPU
		{C58B8522-7722-4938-AFCA-76272BC9D452}.Release|Any CPU.Build.0 = Release|Any CPU
		{7854D112-B719-486C-8479-E861C91BDD81}.Debug|Any CPU.ActiveCfg = Debug|Any CPU
		{7854D112-B719-486C-8479-E861C91BDD81}.Debug|Any CPU.Build.0 = Debug|Any CPU
		{7854D112-B719-486C-8479-E861C91BDD81}.Release|Any CPU.ActiveCfg = Release|Any CPU
		{7854D112-B719-486C-8479-E861C91BDD81}.Release|Any CPU.Build.0 = Release|Any CPU
		{280339EB-2165-40A0-A986-B0BC021AFC81}.Debug|Any CPU.ActiveCfg = Debug|Any CPU
		{280339EB-2165-40A0-A986-B0BC021AFC81}.Debug|Any CPU.Build.0 = Debug|Any CPU
		{280339EB-2165-40A0-A986-B0BC021AFC81}.Release|Any CPU.ActiveCfg = Release|Any CPU
		{280339EB-2165-40A0-A986-B0BC021AFC81}.Release|Any CPU.Build.0 = Release|Any CPU
		{983833D5-7EE7-4C64-BAE0-C348F6D5C785}.Debug|Any CPU.ActiveCfg = Debug|Any CPU
		{983833D5-7EE7-4C64-BAE0-C348F6D5C785}.Debug|Any CPU.Build.0 = Debug|Any CPU
		{983833D5-7EE7-4C64-BAE0-C348F6D5C785}.Release|Any CPU.ActiveCfg = Release|Any CPU
		{983833D5-7EE7-4C64-BAE0-C348F6D5C785}.Release|Any CPU.Build.0 = Release|Any CPU
		{FC3ECDB6-627F-4843-B7F6-79AEAA675CB8}.Debug|Any CPU.ActiveCfg = Debug|Any CPU
		{FC3ECDB6-627F-4843-B7F6-79AEAA675CB8}.Debug|Any CPU.Build.0 = Debug|Any CPU
		{FC3ECDB6-627F-4843-B7F6-79AEAA675CB8}.Release|Any CPU.ActiveCfg = Release|Any CPU
		{FC3ECDB6-627F-4843-B7F6-79AEAA675CB8}.Release|Any CPU.Build.0 = Release|Any CPU
		{9AA5622E-7DF5-4296-98EA-197EB133622D}.Debug|Any CPU.ActiveCfg = Debug|Any CPU
		{9AA5622E-7DF5-4296-98EA-197EB133622D}.Debug|Any CPU.Build.0 = Debug|Any CPU
		{9AA5622E-7DF5-4296-98EA-197EB133622D}.Release|Any CPU.ActiveCfg = Release|Any CPU
		{9AA5622E-7DF5-4296-98EA-197EB133622D}.Release|Any CPU.Build.0 = Release|Any CPU
	EndGlobalSection
	GlobalSection(SolutionProperties) = preSolution
		HideSolutionNode = FALSE
	EndGlobalSection
	GlobalSection(NestedProjects) = preSolution
		{990DFD43-E2EB-4736-B5BD-7F27D077E791} = {02252969-51A5-4C03-A0DB-2554CC163FC6}
		{1AD9E847-1346-480D-8FA2-6AE7ACC705FF} = {02252969-51A5-4C03-A0DB-2554CC163FC6}
		{62EC9BD8-3AEA-41B1-BA22-C9340F38481F} = {02252969-51A5-4C03-A0DB-2554CC163FC6}
		{3D213AB2-2D87-4144-B9A3-E583852D7DBA} = {64F83FFB-FC64-467B-A3AF-67509A59F440}
		{010DB3DA-6C10-49A1-9687-B32600582033} = {7C67F62C-3DBF-43A9-80CB-BF0A3C009D5C}
		{EF25FF45-1C23-4041-ADF2-0A8875DBF158} = {7C67F62C-3DBF-43A9-80CB-BF0A3C009D5C}
		{3843EF7A-4E6A-462A-BDBD-55B334B235B0} = {7C67F62C-3DBF-43A9-80CB-BF0A3C009D5C}
		{88ADC553-A23D-40DA-A18C-4038FC98BCCE} = {7C67F62C-3DBF-43A9-80CB-BF0A3C009D5C}
		{7ADF4FF1-46DE-45C5-9E03-F2C696213D99} = {7C67F62C-3DBF-43A9-80CB-BF0A3C009D5C}
		{EE8FE46F-9B3D-428C-A02F-0928D9629589} = {7C67F62C-3DBF-43A9-80CB-BF0A3C009D5C}
		{7522EBA9-0875-4255-B4C9-4FE3A1F772C8} = {7C67F62C-3DBF-43A9-80CB-BF0A3C009D5C}
		{95296D47-7059-4C44-891E-10B63DD457C4} = {7C67F62C-3DBF-43A9-80CB-BF0A3C009D5C}
		{0E7277DB-3277-46E7-856B-B85579DB28A8} = {7C67F62C-3DBF-43A9-80CB-BF0A3C009D5C}
		{E0EB0F0B-1389-4126-B28A-998CDCC55EC7} = {7C67F62C-3DBF-43A9-80CB-BF0A3C009D5C}
		{792EB44F-BC8B-4AF7-AB2E-7888F552C807} = {7C67F62C-3DBF-43A9-80CB-BF0A3C009D5C}
		{15DB8260-73CE-4AB6-966C-F451F740A6B4} = {7C67F62C-3DBF-43A9-80CB-BF0A3C009D5C}
		{4726AC98-B725-4C5B-82E6-AE91B95D9F41} = {7C67F62C-3DBF-43A9-80CB-BF0A3C009D5C}
		{F1983547-94E5-4AED-95AA-944B098643F5} = {7C67F62C-3DBF-43A9-80CB-BF0A3C009D5C}
		{15625642-86C9-466D-82D8-36E5ECA26B51} = {A3B3075A-668F-40AA-B6A5-75F348C091E4}
		{006C817A-7769-485C-AB53-62FEA4EB236D} = {A3B3075A-668F-40AA-B6A5-75F348C091E4}
		{84AD1740-EEA8-467C-BDDB-8C00682EA9FE} = {A3B3075A-668F-40AA-B6A5-75F348C091E4}
		{11B641E0-2C97-4A47-A632-9B586F93B700} = {A3B3075A-668F-40AA-B6A5-75F348C091E4}
		{8B5F7B77-A307-4248-9979-1895425FC126} = {A3B3075A-668F-40AA-B6A5-75F348C091E4}
		{67CA99AA-32E2-4A51-B645-2CDC37ABF2DC} = {A3B3075A-668F-40AA-B6A5-75F348C091E4}
		{CB00B0F1-2FA4-442A-AEC1-9ED465EB9DE1} = {A3B3075A-668F-40AA-B6A5-75F348C091E4}
		{C58B8522-7722-4938-AFCA-76272BC9D452} = {A3B3075A-668F-40AA-B6A5-75F348C091E4}
		{7854D112-B719-486C-8479-E861C91BDD81} = {A3B3075A-668F-40AA-B6A5-75F348C091E4}
		{280339EB-2165-40A0-A986-B0BC021AFC81} = {A3B3075A-668F-40AA-B6A5-75F348C091E4}
		{983833D5-7EE7-4C64-BAE0-C348F6D5C785} = {A3B3075A-668F-40AA-B6A5-75F348C091E4}
		{FC3ECDB6-627F-4843-B7F6-79AEAA675CB8} = {A3B3075A-668F-40AA-B6A5-75F348C091E4}
		{9AA5622E-7DF5-4296-98EA-197EB133622D} = {A3B3075A-668F-40AA-B6A5-75F348C091E4}
	EndGlobalSection
EndGlobal
